
Microsoft Visual Studio Solution File, Format Version 12.00
# Visual Studio Version 17
VisualStudioVersion = 17.4.33403.182
MinimumVisualStudioVersion = 10.0.40219.1
Project("{FAE04EC0-301F-11D3-BF4B-00C04F79EFBC}") = "CheckProfile", "WindowsFormsApp3\CheckProfile.csproj", "{B99C42D1-86FF-4E41-9AFD-1A5C94CA365C}"
EndProject
Global
	GlobalSection(SolutionConfigurationPlatforms) = preSolution
		Debug|Any CPU = Debug|Any CPU
		Release|Any CPU = Release|Any CPU
	EndGlobalSection
	GlobalSection(ProjectConfigurationPlatforms) = postSolution
		{B99C42D1-86FF-4E41-9AFD-1A5C94CA365C}.Debug|Any CPU.ActiveCfg = Debug|Any CPU
		{B99C42D1-86FF-4E41-9AFD-1A5C94CA365C}.Debug|Any CPU.Build.0 = Debug|Any CPU
		{B99C42D1-86FF-4E41-9AFD-1A5C94CA365C}.Release|Any CPU.ActiveCfg = Release|Any CPU
		{B99C42D1-86FF-4E41-9AFD-1A5C94CA365C}.Release|Any CPU.Build.0 = Release|Any CPU
	EndGlobalSection
	GlobalSection(SolutionProperties) = preSolution
		HideSolutionNode = FALSE
	EndGlobalSection
	GlobalSection(ExtensibilityGlobals) = postSolution
		SolutionGuid = {37D1AA86-1EF0-4FE6-8ECC-5BAB58F6C521}
	EndGlobalSection
EndGlobal
